
Microsoft Visual Studio Solution File, Format Version 12.00
# Visual Studio Version 17
VisualStudioVersion = 17.2.32630.192
MinimumVisualStudioVersion = 10.0.40219.1
Project("{FAE04EC0-301F-11D3-BF4B-00C04F79EFBC}") = "ServerApp", "ServerApp\ServerApp.csproj", "{5CA82720-B637-4F7B-AD9F-A21E871DEFF0}"
EndProject
Project("{FAE04EC0-301F-11D3-BF4B-00C04F79EFBC}") = "ClientApp", "ClientApp\ClientApp.csproj", "{4E6BF16A-9054-4CB5-AB03-7E8ABF890E38}"
EndProject
Global
	GlobalSection(SolutionConfigurationPlatforms) = preSolution
		Debug|Any CPU = Debug|Any CPU
		Release|Any CPU = Release|Any CPU
	EndGlobalSection
	GlobalSection(ProjectConfigurationPlatforms) = postSolution
		{5CA82720-B637-4F7B-AD9F-A21E871DEFF0}.Debug|Any CPU.ActiveCfg = Debug|Any CPU
		{5CA82720-B637-4F7B-AD9F-A21E871DEFF0}.Debug|Any CPU.Build.0 = Debug|Any CPU
		{5CA82720-B637-4F7B-AD9F-A21E871DEFF0}.Release|Any CPU.ActiveCfg = Release|Any CPU
		{5CA82720-B637-4F7B-AD9F-A21E871DEFF0}.Release|Any CPU.Build.0 = Release|Any CPU
		{4E6BF16A-9054-4CB5-AB03-7E8ABF890E38}.Debug|Any CPU.ActiveCfg = Debug|Any CPU
		{4E6BF16A-9054-4CB5-AB03-7E8ABF890E38}.Debug|Any CPU.Build.0 = Debug|Any CPU
		{4E6BF16A-9054-4CB5-AB03-7E8ABF890E38}.Release|Any CPU.ActiveCfg = Release|Any CPU
		{4E6BF16A-9054-4CB5-AB03-7E8ABF890E38}.Release|Any CPU.Build.0 = Release|Any CPU
	EndGlobalSection
	GlobalSection(SolutionProperties) = preSolution
		HideSolutionNode = FALSE
	EndGlobalSection
	GlobalSection(ExtensibilityGlobals) = postSolution
		SolutionGuid = {A9E87B39-7273-4313-9689-D4D93F6F55BE}
	EndGlobalSection
EndGlobal
